
Microsoft Visual Studio Solution File, Format Version 12.00
# Visual Studio Version 17
VisualStudioVersion = 17.7.34221.43
MinimumVisualStudioVersion = 10.0.40219.1
Project("{FAE04EC0-301F-11D3-BF4B-00C04F79EFBC}") = "Demo-Namespace", "Demo-Namespace\Demo-Namespace.csproj", "{2CC781A3-FDE7-4F4D-8AB0-63C520563072}"
EndProject
Project("{2150E333-8FDC-42A3-9474-1A3956D46DE8}") = "Démos", "Démos", "{8C3FB272-3B3E-4855-B306-3F4467445826}"
EndProject
Project("{2150E333-8FDC-42A3-9474-1A3956D46DE8}") = "Exos", "Exos", "{700AABFC-3664-4CC3-AA5B-3829C348C47D}"
EndProject
Project("{FAE04EC0-301F-11D3-BF4B-00C04F79EFBC}") = "Demo-Encapsulation", "Demo-Encapsulation\Demo-Encapsulation.csproj", "{F6F5906F-3BE7-4B1A-A4A1-38997BEAA358}"
EndProject
Project("{FAE04EC0-301F-11D3-BF4B-00C04F79EFBC}") = "Demo-Class", "Demo-Class\Demo-Class.csproj", "{C6D373DD-30B4-4A81-BB5A-7DF70A044F7E}"
EndProject
Project("{FAE04EC0-301F-11D3-BF4B-00C04F79EFBC}") = "Demo-ProprieteAutoCalcule", "Demo-ProprieteAutoCalcule\Demo-ProprieteAutoCalcule.csproj", "{E9C3669F-9004-4CB0-99F9-2777DE3E53E0}"
EndProject
Project("{FAE04EC0-301F-11D3-BF4B-00C04F79EFBC}") = "Exo-Banque", "Exo-Banque\Exo-Banque.csproj", "{4057F5F2-6837-42A0-8870-A6462E758B54}"
EndProject
Project("{FAE04EC0-301F-11D3-BF4B-00C04F79EFBC}") = "Demo-Indexeur", "Demo-Indexeur\Demo-Indexeur.csproj", "{6A3C6EBD-6655-4D03-B7B2-12C9A050729B}"
EndProject
Global
	GlobalSection(SolutionConfigurationPlatforms) = preSolution
		Debug|Any CPU = Debug|Any CPU
		Release|Any CPU = Release|Any CPU
	EndGlobalSection
	GlobalSection(ProjectConfigurationPlatforms) = postSolution
		{2CC781A3-FDE7-4F4D-8AB0-63C520563072}.Debug|Any CPU.ActiveCfg = Debug|Any CPU
		{2CC781A3-FDE7-4F4D-8AB0-63C520563072}.Debug|Any CPU.Build.0 = Debug|Any CPU
		{2CC781A3-FDE7-4F4D-8AB0-63C520563072}.Release|Any CPU.ActiveCfg = Release|Any CPU
		{2CC781A3-FDE7-4F4D-8AB0-63C520563072}.Release|Any CPU.Build.0 = Release|Any CPU
		{F6F5906F-3BE7-4B1A-A4A1-38997BEAA358}.Debug|Any CPU.ActiveCfg = Debug|Any CPU
		{F6F5906F-3BE7-4B1A-A4A1-38997BEAA358}.Debug|Any CPU.Build.0 = Debug|Any CPU
		{F6F5906F-3BE7-4B1A-A4A1-38997BEAA358}.Release|Any CPU.ActiveCfg = Release|Any CPU
		{F6F5906F-3BE7-4B1A-A4A1-38997BEAA358}.Release|Any CPU.Build.0 = Release|Any CPU
		{C6D373DD-30B4-4A81-BB5A-7DF70A044F7E}.Debug|Any CPU.ActiveCfg = Debug|Any CPU
		{C6D373DD-30B4-4A81-BB5A-7DF70A044F7E}.Debug|Any CPU.Build.0 = Debug|Any CPU
		{C6D373DD-30B4-4A81-BB5A-7DF70A044F7E}.Release|Any CPU.ActiveCfg = Release|Any CPU
		{C6D373DD-30B4-4A81-BB5A-7DF70A044F7E}.Release|Any CPU.Build.0 = Release|Any CPU
		{E9C3669F-9004-4CB0-99F9-2777DE3E53E0}.Debug|Any CPU.ActiveCfg = Debug|Any CPU
		{E9C3669F-9004-4CB0-99F9-2777DE3E53E0}.Debug|Any CPU.Build.0 = Debug|Any CPU
		{E9C3669F-9004-4CB0-99F9-2777DE3E53E0}.Release|Any CPU.ActiveCfg = Release|Any CPU
		{E9C3669F-9004-4CB0-99F9-2777DE3E53E0}.Release|Any CPU.Build.0 = Release|Any CPU
		{4057F5F2-6837-42A0-8870-A6462E758B54}.Debug|Any CPU.ActiveCfg = Debug|Any CPU
		{4057F5F2-6837-42A0-8870-A6462E758B54}.Debug|Any CPU.Build.0 = Debug|Any CPU
		{4057F5F2-6837-42A0-8870-A6462E758B54}.Release|Any CPU.ActiveCfg = Release|Any CPU
		{4057F5F2-6837-42A0-8870-A6462E758B54}.Release|Any CPU.Build.0 = Release|Any CPU
		{6A3C6EBD-6655-4D03-B7B2-12C9A050729B}.Debug|Any CPU.ActiveCfg = Debug|Any CPU
		{6A3C6EBD-6655-4D03-B7B2-12C9A050729B}.Debug|Any CPU.Build.0 = Debug|Any CPU
		{6A3C6EBD-6655-4D03-B7B2-12C9A050729B}.Release|Any CPU.ActiveCfg = Release|Any CPU
		{6A3C6EBD-6655-4D03-B7B2-12C9A050729B}.Release|Any CPU.Build.0 = Release|Any CPU
	EndGlobalSection
	GlobalSection(SolutionProperties) = preSolution
		HideSolutionNode = FALSE
	EndGlobalSection
	GlobalSection(NestedProjects) = preSolution
		{2CC781A3-FDE7-4F4D-8AB0-63C520563072} = {8C3FB272-3B3E-4855-B306-3F4467445826}
		{F6F5906F-3BE7-4B1A-A4A1-38997BEAA358} = {8C3FB272-3B3E-4855-B306-3F4467445826}
		{C6D373DD-30B4-4A81-BB5A-7DF70A044F7E} = {8C3FB272-3B3E-4855-B306-3F4467445826}
		{E9C3669F-9004-4CB0-99F9-2777DE3E53E0} = {8C3FB272-3B3E-4855-B306-3F4467445826}
		{4057F5F2-6837-42A0-8870-A6462E758B54} = {700AABFC-3664-4CC3-AA5B-3829C348C47D}
		{6A3C6EBD-6655-4D03-B7B2-12C9A050729B} = {8C3FB272-3B3E-4855-B306-3F4467445826}
	EndGlobalSection
	GlobalSection(ExtensibilityGlobals) = postSolution
		SolutionGuid = {6E6B0A86-DD53-4BF5-B2DA-B97F4133983C}
	EndGlobalSection
EndGlobal
